{
  "name": "mission-pipeline",
  "version": "1.1.0",
  "lockfileVersion": 3,
  "requires": true,
  "packages": {
    "": {
      "name": "mission-pipeline",
      "version": "1.1.0",
      "license": "MIT",
      "devDependencies": {
        "@types/node": "^22.15.0",
        "graphpaper": "git+https://github.com/scshafe/graphpaper.git#89240f15c171a26009430ad7eb45eb85ac2567aa",
        "typescript": "^5.8.3"
      },
      "engines": {
        "node": ">=22.22.0 <23 || >=24.18.0 <25"
      }
    },
    "node_modules/@types/node": {
      "version": "22.20.1",
      "resolved": "https://registry.npmjs.org/@types/node/-/node-22.20.1.tgz",
      "integrity": "sha512-EANqOCF9QFyra+4pfxUcX9STKJpCLjMbObVzljIJomAWSnuSIEAvyzEU53GaajbXJEgdh0iEcPL+DGvpUd4k1Q==",
      "dev": true,
      "license": "MIT",
      "dependencies": {
        "undici-types": "~6.21.0"
      }
    },
    "node_modules/graphpaper": {
      "version": "0.5.0",
      "resolved": "git+ssh://git@github.com/scshafe/graphpaper.git#89240f15c171a26009430ad7eb45eb85ac2567aa",
      "integrity": "sha512-LTucUphBOk+F8Axur3Clg5aDPas2SIqjLtSj2c6tE9cbLfPF/6l/3v2E8j4vcsb/C93XGl5fy5hXMPIVl2rZFw==",
      "dev": true,
      "license": "MIT",
      "engines": {
        "node": ">=22.12.0"
      },
      "peerDependencies": {
        "elkjs": "^0.10.2"
      },
      "peerDependenciesMeta": {
        "elkjs": {
          "optional": true
        }
      }
    },
    "node_modules/typescript": {
      "version": "5.9.3",
      "resolved": "https://registry.npmjs.org/typescript/-/typescript-5.9.3.tgz",
      "integrity": "sha512-jl1vZzPDinLr9eUt3J/t7V6FgNEw9QjvBPdysz9KfQDD41fQrC2Y4vKQdiaUpFT4bXlb1RHhLpp8wtm6M5TgSw==",
      "dev": true,
      "license": "Apache-2.0",
      "bin": {
        "tsc": "bin/tsc",
        "tsserver": "bin/tsserver"
      },
      "engines": {
        "node": ">=14.17"
      }
    },
    "node_modules/undici-types": {
      "version": "6.21.0",
      "resolved": "https://registry.npmjs.org/undici-types/-/undici-types-6.21.0.tgz",
      "integrity": "sha512-iwDZqg0QAGrg9Rav5H4n0M64c3mkR59cJ6wQp+7C4nI0gsmExaedaYLNO44eT4AtBBwjbTiGPMlt2Md0T9H9JQ==",
      "dev": true,
      "license": "MIT"
    }
  }
}
